{
  "name": "ThreadsAPI",
  "lockfileVersion": 3,
  "requires": true,
  "packages": {
    "": {
      "dependencies": {
        "@threadsjs/threads.js": "^1.9.0"
      }
    },
    "node_modules/@fastify/busboy": {
      "version": "2.1.1",
      "resolved": "https://registry.npmjs.org/@fastify/busboy/-/busboy-2.1.1.tgz",
      "integrity": "sha512-vBZP4NlzfOlerQTnba4aqZoMhE/a9HY7HRqoOPaETQcSQuWEIyZMHGfVu6w9wGtGK5fED5qRs2DteVCjOH60sA==",
      "engines": {
        "node": ">=14"
      }
    },
    "node_modules/@threadsjs/threads.js": {
      "version": "1.9.0",
      "resolved": "https://registry.npmjs.org/@threadsjs/threads.js/-/threads.js-1.9.0.tgz",
      "integrity": "sha512-TCxHOZw4uaefnPkSppviCR/PTW2WO/nDR+dTe0aIlj+XpPXXoM4cjLnvt2OR0R6ff2OE2ICoREs4E9lWzP09Iw==",
      "dependencies": {
        "@types/node": "^20.4.1",
        "undici": "^5.22.1",
        "uuid": "^9.0.0"
      }
    },
    "node_modules/@types/node": {
      "version": "20.11.24",
      "resolved": "https://registry.npmjs.org/@types/node/-/node-20.11.24.tgz",
      "integrity": "sha512-Kza43ewS3xoLgCEpQrsT+xRo/EJej1y0kVYGiLFE1NEODXGzTfwiC6tXTLMQskn1X4/Rjlh0MQUvx9W+L9long==",
      "dependencies": {
        "undici-types": "~5.26.4"
      }
    },
    "node_modules/undici": {
      "version": "5.28.3",
      "resolved": "https://registry.npmjs.org/undici/-/undici-5.28.3.tgz",
      "integrity": "sha512-3ItfzbrhDlINjaP0duwnNsKpDQk3acHI3gVJ1z4fmwMK31k5G9OVIAMLSIaP6w4FaGkaAkN6zaQO9LUvZ1t7VA==",
      "dependencies": {
        "@fastify/busboy": "^2.0.0"
      },
      "engines": {
        "node": ">=14.0"
      }
    },
    "node_modules/undici-types": {
      "version": "5.26.5",
      "resolved": "https://registry.npmjs.org/undici-types/-/undici-types-5.26.5.tgz",
      "integrity": "sha512-JlCMO+ehdEIKqlFxk6IfVoAUVmgz7cU7zD/h9XZ0qzeosSHmUJVOzSQvvYSYWXkFXC+IfLKSIffhv0sVZup6pA=="
    },
    "node_modules/uuid": {
      "version": "9.0.1",
      "resolved": "https://registry.npmjs.org/uuid/-/uuid-9.0.1.tgz",
      "integrity": "sha512-b+1eJOlsR9K8HJpow9Ok3fiWOWSIcIzXodvv0rQjVoOVNpWMpxf1wZNpt4y9h10odCNrqnYp1OBzRktckBe3sA==",
      "funding": [
        "https://github.com/sponsors/broofa",
        "https://github.com/sponsors/ctavan"
      ],
      "bin": {
        "uuid": "dist/bin/uuid"
      }
    }
  }
}
